// !$*UTF8*$!
{
	archiveVersion = 1;
	classes = {
	};
	objectVersion = 50;
	objects = {

/* Begin PBXBuildFile section */
		159657CF24E4270500A78B44 /* AppDelegate.swift in Sources */ = {isa = PBXBuildFile; fileRef = 159657CE24E4270500A78B44 /* AppDelegate.swift */; };
		159657D124E4270500A78B44 /* SceneDelegate.swift in Sources */ = {isa = PBXBuildFile; fileRef = 159657D024E4270500A78B44 /* SceneDelegate.swift */; };
		159657D324E4270500A78B44 /* ViewController.swift in Sources */ = {isa = PBXBuildFile; fileRef = 159657D224E4270500A78B44 /* ViewController.swift */; };
		159657D624E4270500A78B44 /* Main.storyboard in Resources */ = {isa = PBXBuildFile; fileRef = 159657D424E4270500A78B44 /* Main.storyboard */; };
		159657D824E4270600A78B44 /* Assets.xcassets in Resources */ = {isa = PBXBuildFile; fileRef = 159657D724E4270600A78B44 /* Assets.xcassets */; };
		159657DB24E4270600A78B44 /* LaunchScreen.storyboard in Resources */ = {isa = PBXBuildFile; fileRef = 159657D924E4270600A78B44 /* LaunchScreen.storyboard */; };
		159657ED24E489EF00A78B44 /* Story.swift in Sources */ = {isa = PBXBuildFile; fileRef = 159657EC24E489EF00A78B44 /* Story.swift */; };
		159657EF24E489FB00A78B44 /* StoryBrain.swift in Sources */ = {isa = PBXBuildFile; fileRef = 159657EE24E489FB00A78B44 /* StoryBrain.swift */; };
/* End PBXBuildFile section */

/* Begin PBXFileReference section */
		159657CB24E4270500A78B44 /* StoryTellingApp.app */ = {isa = PBXFileReference; explicitFileType = wrapper.application; includeInIndex = 0; path = StoryTellingApp.app; sourceTree = BUILT_PRODUCTS_DIR; };
		159657CE24E4270500A78B44 /* AppDelegate.swift */ = {isa = PBXFileReference; lastKnownFileType = sourcecode.swift; path = AppDelegate.swift; sourceTree = "<group>"; };
		159657D024E4270500A78B44 /* SceneDelegate.swift */ = {isa = PBXFileReference; lastKnownFileType = sourcecode.swift; path = SceneDelegate.swift; sourceTree = "<group>"; };
		159657D224E4270500A78B44 /* ViewController.swift */ = {isa = PBXFileReference; lastKnownFileType = sourcecode.swift; path = ViewController.swift; sourceTree = "<group>"; };
		159657D524E4270500A78B44 /* Base */ = {isa = PBXFileReference; lastKnownFileType = file.storyboard; name = Base; path = Base.lproj/Main.storyboard; sourceTree = "<group>"; };
		159657D724E4270600A78B44 /* Assets.xcassets */ = {isa = PBXFileReference; lastKnownFileType = folder.assetcatalog; path = Assets.xcassets; sourceTree = "<group>"; };
		159657DA24E4270600A78B44 /* Base */ = {isa = PBXFileReference; lastKnownFileType = file.storyboard; name = Base; path = Base.lproj/LaunchScreen.storyboard; sourceTree = "<group>"; };
		159657DC24E4270600A78B44 /* Info.plist */ = {isa = PBXFileReference; lastKnownFileType = text.plist.xml; path = Info.plist; sourceTree = "<group>"; };
		159657EC24E489EF00A78B44 /* Story.swift */ = {isa = PBXFileReference; lastKnownFileType = sourcecode.swift; path = Story.swift; sourceTree = "<group>"; };
		159657EE24E489FB00A78B44 /* StoryBrain.swift */ = {isa = PBXFileReference; lastKnownFileType = sourcecode.swift; path = StoryBrain.swift; sourceTree = "<group>"; };
/* End PBXFileReference section */

/* Begin PBXFrameworksBuildPhase section */
		159657C824E4270500A78B44 /* Frameworks */ = {
			isa = PBXFrameworksBuildPhase;
			buildActionMask = 2147483647;
			files = (
			);
			runOnlyForDeploymentPostprocessing = 0;
		};
/* End PBXFrameworksBuildPhase section */

/* Begin PBXGroup section */
		159657C224E4270500A78B44 = {
			isa = PBXGroup;
			children = (
				159657CD24E4270500A78B44 /* StoryTellingApp */,
				159657CC24E4270500A78B44 /* Products */,
			);
			sourceTree = "<group>";
		};
		159657CC24E4270500A78B44 /* Products */ = {
			isa = PBXGroup;
			children = (
				159657CB24E4270500A78B44 /* StoryTellingApp.app */,
			);
			name = Products;
			sourceTree = "<group>";
		};
		159657CD24E4270500A78B44 /* StoryTellingApp */ = {
			isa = PBXGroup;
			children = (
				159657CE24E4270500A78B44 /* AppDelegate.swift */,
				159657D024E4270500A78B44 /* SceneDelegate.swift */,
				159657E624E4276C00A78B44 /* Model */,
				159657E324E4274400A78B44 /* View */,
				159657E424E4274D00A78B44 /* Controller */,
				159657D724E4270600A78B44 /* Assets.xcassets */,
				159657D924E4270600A78B44 /* LaunchScreen.storyboard */,
				159657DC24E4270600A78B44 /* Info.plist */,
			);
			path = StoryTellingApp;
			sourceTree = "<group>";
		};
		159657E324E4274400A78B44 /* View */ = {
			isa = PBXGroup;
			children = (
				159657D424E4270500A78B44 /* Main.storyboard */,
			);
			path = View;
			sourceTree = "<group>";
		};
		159657E424E4274D00A78B44 /* Controller */ = {
			isa = PBXGroup;
			children = (
				159657D224E4270500A78B44 /* ViewController.swift */,
			);
			path = Controller;
			sourceTree = "<group>";
		};
		159657E624E4276C00A78B44 /* Model */ = {
			isa = PBXGroup;
			children = (
				159657EC24E489EF00A78B44 /* Story.swift */,
				159657EE24E489FB00A78B44 /* StoryBrain.swift */,
			);
			path = Model;
			sourceTree = "<group>";
		};
/* End PBXGroup section */

/* Begin PBXNativeTarget section */
		159657CA24E4270500A78B44 /* StoryTellingApp */ = {
			isa = PBXNativeTarget;
			buildConfigurationList = 159657DF24E4270600A78B44 /* Build configuration list for PBXNativeTarget "StoryTellingApp" */;
			buildPhases = (
				159657C724E4270500A78B44 /* Sources */,
				159657C824E4270500A78B44 /* Frameworks */,
				159657C924E4270500A78B44 /* Resources */,
			);
			buildRules = (
			);
			dependencies = (
			);
			name = StoryTellingApp;
			productName = StoryTellingApp;
			productReference = 159657CB24E4270500A78B44 /* StoryTellingApp.app */;
			productType = "com.apple.product-type.application";
		};
/* End PBXNativeTarget section */

/* Begin PBXProject section */
		159657C324E4270500A78B44 /* Project object */ = {
			isa = PBXProject;
			attributes = {
				LastSwiftUpdateCheck = 1160;
				LastUpgradeCheck = 1160;
				ORGANIZATIONNAME = "Veronika Babii";
				TargetAttributes = {
					159657CA24E4270500A78B44 = {
						CreatedOnToolsVersion = 11.6;
					};
				};
			};
			buildConfigurationList = 159657C624E4270500A78B44 /* Build configuration list for PBXProject "StoryTellingApp" */;
			compatibilityVersion = "Xcode 9.3";
			developmentRegion = en;
			hasScannedForEncodings = 0;
			knownRegions = (
				en,
				Base,
			);
			mainGroup = 159657C224E4270500A78B44;
			productRefGroup = 159657CC24E4270500A78B44 /* Products */;
			projectDirPath = "";
			projectRoot = "";
			targets = (
				159657CA24E4270500A78B44 /* StoryTellingApp */,
			);
		};
/* End PBXProject section */

/* Begin PBXResourcesBuildPhase section */
		159657C924E4270500A78B44 /* Resources */ = {
			isa = PBXResourcesBuildPhase;
			buildActionMask = 2147483647;
			files = (
				159657DB24E4270600A78B44 /* LaunchScreen.storyboard in Resources */,
				159657D824E4270600A78B44 /* Assets.xcassets in Resources */,
				159657D624E4270500A78B44 /* Main.storyboard in Resources */,
			);
			runOnlyForDeploymentPostprocessing = 0;
		};
/* End PBXResourcesBuildPhase section */

/* Begin PBXSourcesBuildPhase section */
		159657C724E4270500A78B44 /* Sources */ = {
			isa = PBXSourcesBuildPhase;
			buildActionMask = 2147483647;
			files = (
				159657EF24E489FB00A78B44 /* StoryBrain.swift in Sources */,
				159657D324E4270500A78B44 /* ViewController.swift in Sources */,
				159657CF24E4270500A78B44 /* AppDelegate.swift in Sources */,
				159657D124E4270500A78B44 /* SceneDelegate.swift in Sources */,
				159657ED24E489EF00A78B44 /* Story.swift in Sources */,
			);
			runOnlyForDeploymentPostprocessing = 0;
		};
/* End PBXSourcesBuildPhase section */

/* Begin PBXVariantGroup section */
		159657D424E4270500A78B44 /* Main.storyboard */ = {
			isa = PBXVariantGroup;
			children = (
				159657D524E4270500A78B44 /* Base */,
			);
			name = Main.storyboard;
			sourceTree = "<group>";
		};
		159657D924E4270600A78B44 /* LaunchScreen.storyboard */ = {
			isa = PBXVariantGroup;
			children = (
				159657DA24E4270600A78B44 /* Base */,
			);
			name = LaunchScreen.storyboard;
			sourceTree = "<group>";
		};
/* End PBXVariantGroup section */

/* Begin XCBuildConfiguration section */
		159657DD24E4270600A78B44 /* Debug */ = {
			isa = XCBuildConfiguration;
			buildSettings = {
				ALWAYS_SEARCH_USER_PATHS = NO;
				CLANG_ANALYZER_NONNULL = YES;
				CLANG_ANALYZER_NUMBER_OBJECT_CONVERSION = YES_AGGRESSIVE;
				CLANG_CXX_LANGUAGE_STANDARD = "gnu++14";
				CLANG_CXX_LIBRARY = "libc++";
				CLANG_ENABLE_MODULES = YES;
				CLANG_ENABLE_OBJC_ARC = YES;
				CLANG_ENABLE_OBJC_WEAK = YES;
				CLANG_WARN_BLOCK_CAPTURE_AUTORELEASING = YES;
				CLANG_WARN_BOOL_CONVERSION = YES;
				CLANG_WARN_COMMA = YES;
				CLANG_WARN_CONSTANT_CONVERSION = YES;
				CLANG_WARN_DEPRECATED_OBJC_IMPLEMENTATIONS = YES;
				CLANG_WARN_DIRECT_OBJC_ISA_USAGE = YES_ERROR;
				CLANG_WARN_DOCUMENTATION_COMMENTS = YES;
				CLANG_WARN_EMPTY_BODY = YES;
				CLANG_WARN_ENUM_CONVERSION = YES;
				CLANG_WARN_INFINITE_RECURSION = YES;
				CLANG_WARN_INT_CONVERSION = YES;
				CLANG_WARN_NON_LITERAL_NULL_CONVERSION = YES;
				CLANG_WARN_OBJC_IMPLICIT_RETAIN_SELF = YES;
				CLANG_WARN_OBJC_LITERAL_CONVERSION = YES;
				CLANG_WARN_OBJC_ROOT_CLASS = YES_ERROR;
				CLANG_WARN_RANGE_LOOP_ANALYSIS = YES;
				CLANG_WARN_STRICT_PROTOTYPES = YES;
				CLANG_WARN_SUSPICIOUS_MOVE = YES;
				CLANG_WARN_UNGUARDED_AVAILABILITY = YES_AGGRESSIVE;
				CLANG_WARN_UNREACHABLE_CODE = YES;
				CLANG_WARN__DUPLICATE_METHOD_MATCH = YES;
				COPY_PHASE_STRIP = NO;
				DEBUG_INFORMATION_FORMAT = dwarf;
				ENABLE_STRICT_OBJC_MSGSEND = YES;
				ENABLE_TESTABILITY = YES;
				GCC_C_LANGUAGE_STANDARD = gnu11;
				GCC_DYNAMIC_NO_PIC = NO;
				GCC_NO_COMMON_BLOCKS = YES;
				GCC_OPTIMIZATION_LEVEL = 0;
				GCC_PREPROCESSOR_DEFINITIONS = (
					"DEBUG=1",
					"$(inherited)",
				);
				GCC_WARN_64_TO_32_BIT_CONVERSION = YES;
				GCC_WARN_ABOUT_RETURN_TYPE = YES_ERROR;
				GCC_WARN_UNDECLARED_SELECTOR = YES;
				GCC_WARN_UNINITIALIZED_AUTOS = YES_AGGRESSIVE;
				GCC_WARN_UNUSED_FUNCTION = YES;
				GCC_WARN_UNUSED_VARIABLE = YES;
				IPHONEOS_DEPLOYMENT_TARGET = 13.6;
				MTL_ENABLE_DEBUG_INFO = INCLUDE_SOURCE;
				MTL_FAST_MATH = YES;
				ONLY_ACTIVE_ARCH = YES;
				SDKROOT = iphoneos;
				SWIFT_ACTIVE_COMPILATION_CONDITIONS = DEBUG;
				SWIFT_OPTIMIZATION_LEVEL = "-Onone";
			};
			name = Debug;
		};
		159657DE24E4270600A78B44 /* Release */ = {
			isa = XCBuildConfiguration;
			buildSettings = {
				ALWAYS_SEARCH_USER_PATHS = NO;
				CLANG_ANALYZER_NONNULL = YES;
				CLANG_ANALYZER_NUMBER_OBJECT_CONVERSION = YES_AGGRESSIVE;
				CLANG_CXX_LANGUAGE_STANDARD = "gnu++14";
				CLANG_CXX_LIBRARY = "libc++";
				CLANG_ENABLE_MODULES = YES;
				CLANG_ENABLE_OBJC_ARC = YES;
				CLANG_ENABLE_OBJC_WEAK = YES;
				CLANG_WARN_BLOCK_CAPTURE_AUTORELEASING = YES;
				CLANG_WARN_BOOL_CONVERSION = YES;
				CLANG_WARN_COMMA = YES;
				CLANG_WARN_CONSTANT_CONVERSION = YES;
				CLANG_WARN_DEPRECATED_OBJC_IMPLEMENTATIONS = YES;
				CLANG_WARN_DIRECT_OBJC_ISA_USAGE = YES_ERROR;
				CLANG_WARN_DOCUMENTATION_COMMENTS = YES;
				CLANG_WARN_EMPTY_BODY = YES;
				CLANG_WARN_ENUM_CONVERSION = YES;
				CLANG_WARN_INFINITE_RECURSION = YES;
				CLANG_WARN_INT_CONVERSION = YES;
				CLANG_WARN_NON_LITERAL_NULL_CONVERSION = YES;
				CLANG_WARN_OBJC_IMPLICIT_RETAIN_SELF = YES;
				CLANG_WARN_OBJC_LITERAL_CONVERSION = YES;
				CLANG_WARN_OBJC_ROOT_CLASS = YES_ERROR;
				CLANG_WARN_RANGE_LOOP_ANALYSIS = YES;
				CLANG_WARN_STRICT_PROTOTYPES = YES;
				CLANG_WARN_SUSPICIOUS_MOVE = YES;
				CLANG_WARN_UNGUARDED_AVAILABILITY = YES_AGGRESSIVE;
				CLANG_WARN_UNREACHABLE_CODE = YES;
				CLANG_WARN__DUPLICATE_METHOD_MATCH = YES;
				COPY_PHASE_STRIP = NO;
				DEBUG_INFORMATION_FORMAT = "dwarf-with-dsym";
				ENABLE_NS_ASSERTIONS = NO;
				ENABLE_STRICT_OBJC_MSGSEND = YES;
				GCC_C_LANGUAGE_STANDARD = gnu11;
				GCC_NO_COMMON_BLOCKS = YES;
				GCC_WARN_64_TO_32_BIT_CONVERSION = YES;
				GCC_WARN_ABOUT_RETURN_TYPE = YES_ERROR;
				GCC_WARN_UNDECLARED_SELECTOR = YES;
				GCC_WARN_UNINITIALIZED_AUTOS = YES_AGGRESSIVE;
				GCC_WARN_UNUSED_FUNCTION = YES;
				GCC_WARN_UNUSED_VARIABLE = YES;
				IPHONEOS_DEPLOYMENT_TARGET = 13.6;
				MTL_ENABLE_DEBUG_INFO = NO;
				MTL_FAST_MATH = YES;
				SDKROOT = iphoneos;
				SWIFT_COMPILATION_MODE = wholemodule;
				SWIFT_OPTIMIZATION_LEVEL = "-O";
				VALIDATE_PRODUCT = YES;
			};
			name = Release;
		};
		159657E024E4270600A78B44 /* Debug */ = {
			isa = XCBuildConfiguration;
			buildSettings = {
				ASSETCATALOG_COMPILER_APPICON_NAME = AppIcon;
				CODE_SIGN_STYLE = Automatic;
				INFOPLIST_FILE = StoryTellingApp/Info.plist;
				LD_RUNPATH_SEARCH_PATHS = (
					"$(inherited)",
					"@executable_path/Frameworks",
				);
				PRODUCT_BUNDLE_IDENTIFIER = com.veronikababii.StoryTellingApp;
				PRODUCT_NAME = "$(TARGET_NAME)";
				SWIFT_VERSION = 5.0;
				TARGETED_DEVICE_FAMILY = 1;
			};
			name = Debug;
		};
		159657E124E4270600A78B44 /* Release */ = {
			isa = XCBuildConfiguration;
			buildSettings = {
				ASSETCATALOG_COMPILER_APPICON_NAME = AppIcon;
				CODE_SIGN_STYLE = Automatic;
				INFOPLIST_FILE = StoryTellingApp/Info.plist;
				LD_RUNPATH_SEARCH_PATHS = (
					"$(inherited)",
					"@executable_path/Frameworks",
				);
				PRODUCT_BUNDLE_IDENTIFIER = com.veronikababii.StoryTellingApp;
				PRODUCT_NAME = "$(TARGET_NAME)";
				SWIFT_VERSION = 5.0;
				TARGETED_DEVICE_FAMILY = 1;
			};
			name = Release;
		};
/* End XCBuildConfiguration section */

/* Begin XCConfigurationList section */
		159657C624E4270500A78B44 /* Build configuration list for PBXProject "StoryTellingApp" */ = {
			isa = XCConfigurationList;
			buildConfigurations = (
				159657DD24E4270600A78B44 /* Debug */,
				159657DE24E4270600A78B44 /* Release */,
			);
			defaultConfigurationIsVisible = 0;
			defaultConfigurationName = Release;
		};
		159657DF24E4270600A78B44 /* Build configuration list for PBXNativeTarget "StoryTellingApp" */ = {
			isa = XCConfigurationList;
			buildConfigurations = (
				159657E024E4270600A78B44 /* Debug */,
				159657E124E4270600A78B44 /* Release */,
			);
			defaultConfigurationIsVisible = 0;
			defaultConfigurationName = Release;
		};
/* End XCConfigurationList section */
	};
	rootObject = 159657C324E4270500A78B44 /* Project object */;
}
